
Microsoft Visual Studio Solution File, Format Version 12.00
# Visual Studio Version 17
VisualStudioVersion = 17.7.34031.279
MinimumVisualStudioVersion = 10.0.40219.1
Project("{FAE04EC0-301F-11D3-BF4B-00C04F79EFBC}") = "BurakParlakEmlakci.app", "BurakParlakEmlakci.app\BurakParlakEmlakci.app.csproj", "{221A0C3D-D7BB-4ABB-9E3E-87CFB953DAEF}"
EndProject
Project("{FAE04EC0-301F-11D3-BF4B-00C04F79EFBC}") = "BurakParlakEmlakci.lib", "BurakParlakEmlakci.lib\BurakParlakEmlakci.lib.csproj", "{83850266-2730-4A9A-9C9E-467CC3FFFDCC}"
EndProject
Global
	GlobalSection(SolutionConfigurationPlatforms) = preSolution
		Debug|Any CPU = Debug|Any CPU
		Release|Any CPU = Release|Any CPU
	EndGlobalSection
	GlobalSection(ProjectConfigurationPlatforms) = postSolution
		{221A0C3D-D7BB-4ABB-9E3E-87CFB953DAEF}.Debug|Any CPU.ActiveCfg = Debug|Any CPU
		{221A0C3D-D7BB-4ABB-9E3E-87CFB953DAEF}.Debug|Any CPU.Build.0 = Debug|Any CPU
		{221A0C3D-D7BB-4ABB-9E3E-87CFB953DAEF}.Release|Any CPU.ActiveCfg = Release|Any CPU
		{221A0C3D-D7BB-4ABB-9E3E-87CFB953DAEF}.Release|Any CPU.Build.0 = Release|Any CPU
		{83850266-2730-4A9A-9C9E-467CC3FFFDCC}.Debug|Any CPU.ActiveCfg = Debug|Any CPU
		{83850266-2730-4A9A-9C9E-467CC3FFFDCC}.Debug|Any CPU.Build.0 = Debug|Any CPU
		{83850266-2730-4A9A-9C9E-467CC3FFFDCC}.Release|Any CPU.ActiveCfg = Release|Any CPU
		{83850266-2730-4A9A-9C9E-467CC3FFFDCC}.Release|Any CPU.Build.0 = Release|Any CPU
	EndGlobalSection
	GlobalSection(SolutionProperties) = preSolution
		HideSolutionNode = FALSE
	EndGlobalSection
	GlobalSection(ExtensibilityGlobals) = postSolution
		SolutionGuid = {DC6FAB52-8553-4480-94EA-79D9152258DF}
	EndGlobalSection
EndGlobal
